// !$*UTF8*$!
{
	archiveVersion = 1;
	classes = {
	};
	objectVersion = 46;
	objects = {

/* Begin PBXBuildFile section */
		8D0D0DD81DEECAF000D195EF /* main.m in Sources */ = {isa = PBXBuildFile; fileRef = 8D0D0DD71DEECAF000D195EF /* main.m */; };
		8D0D0DDB1DEECAF000D195EF /* AppDelegate.m in Sources */ = {isa = PBXBuildFile; fileRef = 8D0D0DDA1DEECAF000D195EF /* AppDelegate.m */; };
		8D0D0DDE1DEECAF000D195EF /* ViewController.m in Sources */ = {isa = PBXBuildFile; fileRef = 8D0D0DDD1DEECAF000D195EF /* ViewController.m */; };
		8D0D0DE11DEECAF000D195EF /* Main.storyboard in Resources */ = {isa = PBXBuildFile; fileRef = 8D0D0DDF1DEECAF000D195EF /* Main.storyboard */; };
		8D0D0DE31DEECAF000D195EF /* Assets.xcassets in Resources */ = {isa = PBXBuildFile; fileRef = 8D0D0DE21DEECAF000D195EF /* Assets.xcassets */; };
		8D0D0DE61DEECAF000D195EF /* LaunchScreen.storyboard in Resources */ = {isa = PBXBuildFile; fileRef = 8D0D0DE41DEECAF000D195EF /* LaunchScreen.storyboard */; };
		8D0D0DF11DEECAF000D195EF /* weiboTests.m in Sources */ = {isa = PBXBuildFile; fileRef = 8D0D0DF01DEECAF000D195EF /* weiboTests.m */; };
		8D0D0DFC1DEECAF000D195EF /* weiboUITests.m in Sources */ = {isa = PBXBuildFile; fileRef = 8D0D0DFB1DEECAF000D195EF /* weiboUITests.m */; };
		8D0D0E0B1DEECC4C00D195EF /* CustomView.m in Sources */ = {isa = PBXBuildFile; fileRef = 8D0D0E0A1DEECC4C00D195EF /* CustomView.m */; };
/* End PBXBuildFile section */

/* Begin PBXContainerItemProxy section */
		8D0D0DED1DEECAF000D195EF /* PBXContainerItemProxy */ = {
			isa = PBXContainerItemProxy;
			containerPortal = 8D0D0DCB1DEECAF000D195EF /* Project object */;
			proxyType = 1;
			remoteGlobalIDString = 8D0D0DD21DEECAF000D195EF;
			remoteInfo = weibo;
		};
		8D0D0DF81DEECAF000D195EF /* PBXContainerItemProxy */ = {
			isa = PBXContainerItemProxy;
			containerPortal = 8D0D0DCB1DEECAF000D195EF /* Project object */;
			proxyType = 1;
			remoteGlobalIDString = 8D0D0DD21DEECAF000D195EF;
			remoteInfo = weibo;
		};
/* End PBXContainerItemProxy section */

/* Begin PBXFileReference section */
		8D0D0DD31DEECAF000D195EF /* weibo.app */ = {isa = PBXFileReference; explicitFileType = wrapper.application; includeInIndex = 0; path = weibo.app; sourceTree = BUILT_PRODUCTS_DIR; };
		8D0D0DD71DEECAF000D195EF /* main.m */ = {isa = PBXFileReference; lastKnownFileType = sourcecode.c.objc; path = main.m; sourceTree = "<group>"; };
		8D0D0DD91DEECAF000D195EF /* AppDelegate.h */ = {isa = PBXFileReference; lastKnownFileType = sourcecode.c.h; path = AppDelegate.h; sourceTree = "<group>"; };
		8D0D0DDA1DEECAF000D195EF /* AppDelegate.m */ = {isa = PBXFileReference; lastKnownFileType = sourcecode.c.objc; path = AppDelegate.m; sourceTree = "<group>"; };
		8D0D0DDC1DEECAF000D195EF /* ViewController.h */ = {isa = PBXFileReference; lastKnownFileType = sourcecode.c.h; path = ViewController.h; sourceTree = "<group>"; };
		8D0D0DDD1DEECAF000D195EF /* ViewController.m */ = {isa = PBXFileReference; lastKnownFileType = sourcecode.c.objc; path = ViewController.m; sourceTree = "<group>"; };
		8D0D0DE01DEECAF000D195EF /* Base */ = {isa = PBXFileReference; lastKnownFileType = file.storyboard; name = Base; path = Base.lproj/Main.storyboard; sourceTree = "<group>"; };
		8D0D0DE21DEECAF000D195EF /* Assets.xcassets */ = {isa = PBXFileReference; lastKnownFileType = folder.assetcatalog; path = Assets.xcassets; sourceTree = "<group>"; };
		8D0D0DE51DEECAF000D195EF /* Base */ = {isa = PBXFileReference; lastKnownFileType = file.storyboard; name = Base; path = Base.lproj/LaunchScreen.storyboard; sourceTree = "<group>"; };
		8D0D0DE71DEECAF000D195EF /* Info.plist */ = {isa = PBXFileReference; lastKnownFileType = text.plist.xml; path = Info.plist; sourceTree = "<group>"; };
		8D0D0DEC1DEECAF000D195EF /* weiboTests.xctest */ = {isa = PBXFileReference; explicitFileType = wrapper.cfbundle; includeInIndex = 0; path = weiboTests.xctest; sourceTree = BUILT_PRODUCTS_DIR; };
		8D0D0DF01DEECAF000D195EF /* weiboTests.m */ = {isa = PBXFileReference; lastKnownFileType = sourcecode.c.objc; path = weiboTests.m; sourceTree = "<group>"; };
		8D0D0DF21DEECAF000D195EF /* Info.plist */ = {isa = PBXFileReference; lastKnownFileType = text.plist.xml; path = Info.plist; sourceTree = "<group>"; };
		8D0D0DF71DEECAF000D195EF /* weiboUITests.xctest */ = {isa = PBXFileReference; explicitFileType = wrapper.cfbundle; includeInIndex = 0; path = weiboUITests.xctest; sourceTree = BUILT_PRODUCTS_DIR; };
		8D0D0DFB1DEECAF000D195EF /* weiboUITests.m */ = {isa = PBXFileReference; lastKnownFileType = sourcecode.c.objc; path = weiboUITests.m; sourceTree = "<group>"; };
		8D0D0DFD1DEECAF000D195EF /* Info.plist */ = {isa = PBXFileReference; lastKnownFileType = text.plist.xml; path = Info.plist; sourceTree = "<group>"; };
		8D0D0E091DEECC4C00D195EF /* CustomView.h */ = {isa = PBXFileReference; fileEncoding = 4; lastKnownFileType = sourcecode.c.h; path = CustomView.h; sourceTree = "<group>"; };
		8D0D0E0A1DEECC4C00D195EF /* CustomView.m */ = {isa = PBXFileReference; fileEncoding = 4; lastKnownFileType = sourcecode.c.objc; path = CustomView.m; sourceTree = "<group>"; };
/* End PBXFileReference section */

/* Begin PBXFrameworksBuildPhase section */
		8D0D0DD01DEECAF000D195EF /* Frameworks */ = {
			isa = PBXFrameworksBuildPhase;
			buildActionMask = 2147483647;
			files = (
			);
			runOnlyForDeploymentPostprocessing = 0;
		};
		8D0D0DE91DEECAF000D195EF /* Frameworks */ = {
			isa = PBXFrameworksBuildPhase;
			buildActionMask = 2147483647;
			files = (
			);
			runOnlyForDeploymentPostprocessing = 0;
		};
		8D0D0DF41DEECAF000D195EF /* Frameworks */ = {
			isa = PBXFrameworksBuildPhase;
			buildActionMask = 2147483647;
			files = (
			);
			runOnlyForDeploymentPostprocessing = 0;
		};
/* End PBXFrameworksBuildPhase section */

/* Begin PBXGroup section */
		8D0D0DCA1DEECAF000D195EF = {
			isa = PBXGroup;
			children = (
				8D0D0DD51DEECAF000D195EF /* weibo */,
				8D0D0DEF1DEECAF000D195EF /* weiboTests */,
				8D0D0DFA1DEECAF000D195EF /* weiboUITests */,
				8D0D0DD41DEECAF000D195EF /* Products */,
			);
			sourceTree = "<group>";
		};
		8D0D0DD41DEECAF000D195EF /* Products */ = {
			isa = PBXGroup;
			children = (
				8D0D0DD31DEECAF000D195EF /* weibo.app */,
				8D0D0DEC1DEECAF000D195EF /* weiboTests.xctest */,
				8D0D0DF71DEECAF000D195EF /* weiboUITests.xctest */,
			);
			name = Products;
			sourceTree = "<group>";
		};
		8D0D0DD51DEECAF000D195EF /* weibo */ = {
			isa = PBXGroup;
			children = (
				8D0D0DD91DEECAF000D195EF /* AppDelegate.h */,
				8D0D0DDA1DEECAF000D195EF /* AppDelegate.m */,
				8D0D0DDC1DEECAF000D195EF /* ViewController.h */,
				8D0D0DDD1DEECAF000D195EF /* ViewController.m */,
				8D0D0E091DEECC4C00D195EF /* CustomView.h */,
				8D0D0E0A1DEECC4C00D195EF /* CustomView.m */,
				8D0D0DDF1DEECAF000D195EF /* Main.storyboard */,
				8D0D0DE21DEECAF000D195EF /* Assets.xcassets */,
				8D0D0DE41DEECAF000D195EF /* LaunchScreen.storyboard */,
				8D0D0DE71DEECAF000D195EF /* Info.plist */,
				8D0D0DD61DEECAF000D195EF /* Supporting Files */,
			);
			path = weibo;
			sourceTree = "<group>";
		};
		8D0D0DD61DEECAF000D195EF /* Supporting Files */ = {
			isa = PBXGroup;
			children = (
				8D0D0DD71DEECAF000D195EF /* main.m */,
			);
			name = "Supporting Files";
			sourceTree = "<group>";
		};
		8D0D0DEF1DEECAF000D195EF /* weiboTests */ = {
			isa = PBXGroup;
			children = (
				8D0D0DF01DEECAF000D195EF /* weiboTests.m */,
				8D0D0DF21DEECAF000D195EF /* Info.plist */,
			);
			path = weiboTests;
			sourceTree = "<group>";
		};
		8D0D0DFA1DEECAF000D195EF /* weiboUITests */ = {
			isa = PBXGroup;
			children = (
				8D0D0DFB1DEECAF000D195EF /* weiboUITests.m */,
				8D0D0DFD1DEECAF000D195EF /* Info.plist */,
			);
			path = weiboUITests;
			sourceTree = "<group>";
		};
/* End PBXGroup section */

/* Begin PBXNativeTarget section */
		8D0D0DD21DEECAF000D195EF /* weibo */ = {
			isa = PBXNativeTarget;
			buildConfigurationList = 8D0D0E001DEECAF000D195EF /* Build configuration list for PBXNativeTarget "weibo" */;
			buildPhases = (
				8D0D0DCF1DEECAF000D195EF /* Sources */,
				8D0D0DD01DEECAF000D195EF /* Frameworks */,
				8D0D0DD11DEECAF000D195EF /* Resources */,
			);
			buildRules = (
			);
			dependencies = (
			);
			name = weibo;
			productName = weibo;
			productReference = 8D0D0DD31DEECAF000D195EF /* weibo.app */;
			productType = "com.apple.product-type.application";
		};
		8D0D0DEB1DEECAF000D195EF /* weiboTests */ = {
			isa = PBXNativeTarget;
			buildConfigurationList = 8D0D0E031DEECAF000D195EF /* Build configuration list for PBXNativeTarget "weiboTests" */;
			buildPhases = (
				8D0D0DE81DEECAF000D195EF /* Sources */,
				8D0D0DE91DEECAF000D195EF /* Frameworks */,
				8D0D0DEA1DEECAF000D195EF /* Resources */,
			);
			buildRules = (
			);
			dependencies = (
				8D0D0DEE1DEECAF000D195EF /* PBXTargetDependency */,
			);
			name = weiboTests;
			productName = weiboTests;
			productReference = 8D0D0DEC1DEECAF000D195EF /* weiboTests.xctest */;
			productType = "com.apple.product-type.bundle.unit-test";
		};
		8D0D0DF61DEECAF000D195EF /* weiboUITests */ = {
			isa = PBXNativeTarget;
			buildConfigurationList = 8D0D0E061DEECAF000D195EF /* Build configuration list for PBXNativeTarget "weiboUITests" */;
			buildPhases = (
				8D0D0DF31DEECAF000D195EF /* Sources */,
				8D0D0DF41DEECAF000D195EF /* Frameworks */,
				8D0D0DF51DEECAF000D195EF /* Resources */,
			);
			buildRules = (
			);
			dependencies = (
				8D0D0DF91DEECAF000D195EF /* PBXTargetDependency */,
			);
			name = weiboUITests;
			productName = weiboUITests;
			productReference = 8D0D0DF71DEECAF000D195EF /* weiboUITests.xctest */;
			productType = "com.apple.product-type.bundle.ui-testing";
		};
/* End PBXNativeTarget section */

/* Begin PBXProject section */
		8D0D0DCB1DEECAF000D195EF /* Project object */ = {
			isa = PBXProject;
			attributes = {
				LastUpgradeCheck = 0810;
				ORGANIZATIONNAME = "北京启智";
				TargetAttributes = {
					8D0D0DD21DEECAF000D195EF = {
						CreatedOnToolsVersion = 8.1;
						DevelopmentTeam = G7E5932XQ5;
						ProvisioningStyle = Automatic;
					};
					8D0D0DEB1DEECAF000D195EF = {
						CreatedOnToolsVersion = 8.1;
						DevelopmentTeam = G7E5932XQ5;
						ProvisioningStyle = Automatic;
						TestTargetID = 8D0D0DD21DEECAF000D195EF;
					};
					8D0D0DF61DEECAF000D195EF = {
						CreatedOnToolsVersion = 8.1;
						DevelopmentTeam = G7E5932XQ5;
						ProvisioningStyle = Automatic;
						TestTargetID = 8D0D0DD21DEECAF000D195EF;
					};
				};
			};
			buildConfigurationList = 8D0D0DCE1DEECAF000D195EF /* Build configuration list for PBXProject "weibo" */;
			compatibilityVersion = "Xcode 3.2";
			developmentRegion = English;
			hasScannedForEncodings = 0;
			knownRegions = (
				en,
				Base,
			);
			mainGroup = 8D0D0DCA1DEECAF000D195EF;
			productRefGroup = 8D0D0DD41DEECAF000D195EF /* Products */;
			projectDirPath = "";
			projectRoot = "";
			targets = (
				8D0D0DD21DEECAF000D195EF /* weibo */,
				8D0D0DEB1DEECAF000D195EF /* weiboTests */,
				8D0D0DF61DEECAF000D195EF /* weiboUITests */,
			);
		};
/* End PBXProject section */

/* Begin PBXResourcesBuildPhase section */
		8D0D0DD11DEECAF000D195EF /* Resources */ = {
			isa = PBXResourcesBuildPhase;
			buildActionMask = 2147483647;
			files = (
				8D0D0DE61DEECAF000D195EF /* LaunchScreen.storyboard in Resources */,
				8D0D0DE31DEECAF000D195EF /* Assets.xcassets in Resources */,
				8D0D0DE11DEECAF000D195EF /* Main.storyboard in Resources */,
			);
			runOnlyForDeploymentPostprocessing = 0;
		};
		8D0D0DEA1DEECAF000D195EF /* Resources */ = {
			isa = PBXResourcesBuildPhase;
			buildActionMask = 2147483647;
			files = (
			);
			runOnlyForDeploymentPostprocessing = 0;
		};
		8D0D0DF51DEECAF000D195EF /* Resources */ = {
			isa = PBXResourcesBuildPhase;
			buildActionMask = 2147483647;
			files = (
			);
			runOnlyForDeploymentPostprocessing = 0;
		};
/* End PBXResourcesBuildPhase section */

/* Begin PBXSourcesBuildPhase section */
		8D0D0DCF1DEECAF000D195EF /* Sources */ = {
			isa = PBXSourcesBuildPhase;
			buildActionMask = 2147483647;
			files = (
				8D0D0DDE1DEECAF000D195EF /* ViewController.m in Sources */,
				8D0D0E0B1DEECC4C00D195EF /* CustomView.m in Sources */,
				8D0D0DDB1DEECAF000D195EF /* AppDelegate.m in Sources */,
				8D0D0DD81DEECAF000D195EF /* main.m in Sources */,
			);
			runOnlyForDeploymentPostprocessing = 0;
		};
		8D0D0DE81DEECAF000D195EF /* Sources */ = {
			isa = PBXSourcesBuildPhase;
			buildActionMask = 2147483647;
			files = (
				8D0D0DF11DEECAF000D195EF /* weiboTests.m in Sources */,
			);
			runOnlyForDeploymentPostprocessing = 0;
		};
		8D0D0DF31DEECAF000D195EF /* Sources */ = {
			isa = PBXSourcesBuildPhase;
			buildActionMask = 2147483647;
			files = (
				8D0D0DFC1DEECAF000D195EF /* weiboUITests.m in Sources */,
			);
			runOnlyForDeploymentPostprocessing = 0;
		};
/* End PBXSourcesBuildPhase section */

/* Begin PBXTargetDependency section */
		8D0D0DEE1DEECAF000D195EF /* PBXTargetDependency */ = {
			isa = PBXTargetDependency;
			target = 8D0D0DD21DEECAF000D195EF /* weibo */;
			targetProxy = 8D0D0DED1DEECAF000D195EF /* PBXContainerItemProxy */;
		};
		8D0D0DF91DEECAF000D195EF /* PBXTargetDependency */ = {
			isa = PBXTargetDependency;
			target = 8D0D0DD21DEECAF000D195EF /* weibo */;
			targetProxy = 8D0D0DF81DEECAF000D195EF /* PBXContainerItemProxy */;
		};
/* End PBXTargetDependency section */

/* Begin PBXVariantGroup section */
		8D0D0DDF1DEECAF000D195EF /* Main.storyboard */ = {
			isa = PBXVariantGroup;
			children = (
				8D0D0DE01DEECAF000D195EF /* Base */,
			);
			name = Main.storyboard;
			sourceTree = "<group>";
		};
		8D0D0DE41DEECAF000D195EF /* LaunchScreen.storyboard */ = {
			isa = PBXVariantGroup;
			children = (
				8D0D0DE51DEECAF000D195EF /* Base */,
			);
			name = LaunchScreen.storyboard;
			sourceTree = "<group>";
		};
/* End PBXVariantGroup section */

/* Begin XCBuildConfiguration section */
		8D0D0DFE1DEECAF000D195EF /* Debug */ = {
			isa = XCBuildConfiguration;
			buildSettings = {
				ALWAYS_SEARCH_USER_PATHS = NO;
				CLANG_ANALYZER_NONNULL = YES;
				CLANG_CXX_LANGUAGE_STANDARD = "gnu++0x";
				CLANG_CXX_LIBRARY = "libc++";
				CLANG_ENABLE_MODULES = YES;
				CLANG_ENABLE_OBJC_ARC = YES;
				CLANG_WARN_BOOL_CONVERSION = YES;
				CLANG_WARN_CONSTANT_CONVERSION = YES;
				CLANG_WARN_DIRECT_OBJC_ISA_USAGE = YES_ERROR;
				CLANG_WARN_DOCUMENTATION_COMMENTS = YES;
				CLANG_WARN_EMPTY_BODY = YES;
				CLANG_WARN_ENUM_CONVERSION = YES;
				CLANG_WARN_INFINITE_RECURSION = YES;
				CLANG_WARN_INT_CONVERSION = YES;
				CLANG_WARN_OBJC_ROOT_CLASS = YES_ERROR;
				CLANG_WARN_SUSPICIOUS_MOVES = YES;
				CLANG_WARN_UNREACHABLE_CODE = YES;
				CLANG_WARN__DUPLICATE_METHOD_MATCH = YES;
				"CODE_SIGN_IDENTITY[sdk=iphoneos*]" = "iPhone Developer";
				COPY_PHASE_STRIP = NO;
				DEBUG_INFORMATION_FORMAT = dwarf;
				ENABLE_STRICT_OBJC_MSGSEND = YES;
				ENABLE_TESTABILITY = YES;
				GCC_C_LANGUAGE_STANDARD = gnu99;
				GCC_DYNAMIC_NO_PIC = NO;
				GCC_NO_COMMON_BLOCKS = YES;
				GCC_OPTIMIZATION_LEVEL = 0;
				GCC_PREPROCESSOR_DEFINITIONS = (
					"DEBUG=1",
					"$(inherited)",
				);
				GCC_WARN_64_TO_32_BIT_CONVERSION = YES;
				GCC_WARN_ABOUT_RETURN_TYPE = YES_ERROR;
				GCC_WARN_UNDECLARED_SELECTOR = YES;
				GCC_WARN_UNINITIALIZED_AUTOS = YES_AGGRESSIVE;
				GCC_WARN_UNUSED_FUNCTION = YES;
				GCC_WARN_UNUSED_VARIABLE = YES;
				IPHONEOS_DEPLOYMENT_TARGET = 10.1;
				MTL_ENABLE_DEBUG_INFO = YES;
				ONLY_ACTIVE_ARCH = YES;
				SDKROOT = iphoneos;
			};
			name = Debug;
		};
		8D0D0DFF1DEECAF000D195EF /* Release */ = {
			isa = XCBuildConfiguration;
			buildSettings = {
				ALWAYS_SEARCH_USER_PATHS = NO;
				CLANG_ANALYZER_NONNULL = YES;
				CLANG_CXX_LANGUAGE_STANDARD = "gnu++0x";
				CLANG_CXX_LIBRARY = "libc++";
				CLANG_ENABLE_MODULES = YES;
				CLANG_ENABLE_OBJC_ARC = YES;
				CLANG_WARN_BOOL_CONVERSION = YES;
				CLANG_WARN_CONSTANT_CONVERSION = YES;
				CLANG_WARN_DIRECT_OBJC_ISA_USAGE = YES_ERROR;
				CLANG_WARN_DOCUMENTATION_COMMENTS = YES;
				CLANG_WARN_EMPTY_BODY = YES;
				CLANG_WARN_ENUM_CONVERSION = YES;
				CLANG_WARN_INFINITE_RECURSION = YES;
				CLANG_WARN_INT_CONVERSION = YES;
				CLANG_WARN_OBJC_ROOT_CLASS = YES_ERROR;
				CLANG_WARN_SUSPICIOUS_MOVES = YES;
				CLANG_WARN_UNREACHABLE_CODE = YES;
				CLANG_WARN__DUPLICATE_METHOD_MATCH = YES;
				"CODE_SIGN_IDENTITY[sdk=iphoneos*]" = "iPhone Developer";
				COPY_PHASE_STRIP = NO;
				DEBUG_INFORMATION_FORMAT = "dwarf-with-dsym";
				ENABLE_NS_ASSERTIONS = NO;
				ENABLE_STRICT_OBJC_MSGSEND = YES;
				GCC_C_LANGUAGE_STANDARD = gnu99;
				GCC_NO_COMMON_BLOCKS = YES;
				GCC_WARN_64_TO_32_BIT_CONVERSION = YES;
				GCC_WARN_ABOUT_RETURN_TYPE = YES_ERROR;
				GCC_WARN_UNDECLARED_SELECTOR = YES;
				GCC_WARN_UNINITIALIZED_AUTOS = YES_AGGRESSIVE;
				GCC_WARN_UNUSED_FUNCTION = YES;
				GCC_WARN_UNUSED_VARIABLE = YES;
				IPHONEOS_DEPLOYMENT_TARGET = 10.1;
				MTL_ENABLE_DEBUG_INFO = NO;
				SDKROOT = iphoneos;
				VALIDATE_PRODUCT = YES;
			};
			name = Release;
		};
		8D0D0E011DEECAF000D195EF /* Debug */ = {
			isa = XCBuildConfiguration;
			buildSettings = {
				ASSETCATALOG_COMPILER_APPICON_NAME = AppIcon;
				DEVELOPMENT_TEAM = G7E5932XQ5;
				INFOPLIST_FILE = weibo/Info.plist;
				LD_RUNPATH_SEARCH_PATHS = "$(inherited) @executable_path/Frameworks";
				PRODUCT_BUNDLE_IDENTIFIER = com.weibo;
				PRODUCT_NAME = "$(TARGET_NAME)";
			};
			name = Debug;
		};
		8D0D0E021DEECAF000D195EF /* Release */ = {
			isa = XCBuildConfiguration;
			buildSettings = {
				ASSETCATALOG_COMPILER_APPICON_NAME = AppIcon;
				DEVELOPMENT_TEAM = G7E5932XQ5;
				INFOPLIST_FILE = weibo/Info.plist;
				LD_RUNPATH_SEARCH_PATHS = "$(inherited) @executable_path/Frameworks";
				PRODUCT_BUNDLE_IDENTIFIER = com.weibo;
				PRODUCT_NAME = "$(TARGET_NAME)";
			};
			name = Release;
		};
		8D0D0E041DEECAF000D195EF /* Debug */ = {
			isa = XCBuildConfiguration;
			buildSettings = {
				BUNDLE_LOADER = "$(TEST_HOST)";
				DEVELOPMENT_TEAM = G7E5932XQ5;
				INFOPLIST_FILE = weiboTests/Info.plist;
				LD_RUNPATH_SEARCH_PATHS = "$(inherited) @executable_path/Frameworks @loader_path/Frameworks";
				PRODUCT_BUNDLE_IDENTIFIER = com.weiboTests;
				PRODUCT_NAME = "$(TARGET_NAME)";
				TEST_HOST = "$(BUILT_PRODUCTS_DIR)/weibo.app/weibo";
			};
			name = Debug;
		};
		8D0D0E051DEECAF000D195EF /* Release */ = {
			isa = XCBuildConfiguration;
			buildSettings = {
				BUNDLE_LOADER = "$(TEST_HOST)";
				DEVELOPMENT_TEAM = G7E5932XQ5;
				INFOPLIST_FILE = weiboTests/Info.plist;
				LD_RUNPATH_SEARCH_PATHS = "$(inherited) @executable_path/Frameworks @loader_path/Frameworks";
				PRODUCT_BUNDLE_IDENTIFIER = com.weiboTests;
				PRODUCT_NAME = "$(TARGET_NAME)";
				TEST_HOST = "$(BUILT_PRODUCTS_DIR)/weibo.app/weibo";
			};
			name = Release;
		};
		8D0D0E071DEECAF000D195EF /* Debug */ = {
			isa = XCBuildConfiguration;
			buildSettings = {
				DEVELOPMENT_TEAM = G7E5932XQ5;
				INFOPLIST_FILE = weiboUITests/Info.plist;
				LD_RUNPATH_SEARCH_PATHS = "$(inherited) @executable_path/Frameworks @loader_path/Frameworks";
				PRODUCT_BUNDLE_IDENTIFIER = com.weiboUITests;
				PRODUCT_NAME = "$(TARGET_NAME)";
				TEST_TARGET_NAME = weibo;
			};
			name = Debug;
		};
		8D0D0E081DEECAF000D195EF /* Release */ = {
			isa = XCBuildConfiguration;
			buildSettings = {
				DEVELOPMENT_TEAM = G7E5932XQ5;
				INFOPLIST_FILE = weiboUITests/Info.plist;
				LD_RUNPATH_SEARCH_PATHS = "$(inherited) @executable_path/Frameworks @loader_path/Frameworks";
				PRODUCT_BUNDLE_IDENTIFIER = com.weiboUITests;
				PRODUCT_NAME = "$(TARGET_NAME)";
				TEST_TARGET_NAME = weibo;
			};
			name = Release;
		};
/* End XCBuildConfiguration section */

/* Begin XCConfigurationList section */
		8D0D0DCE1DEECAF000D195EF /* Build configuration list for PBXProject "weibo" */ = {
			isa = XCConfigurationList;
			buildConfigurations = (
				8D0D0DFE1DEECAF000D195EF /* Debug */,
				8D0D0DFF1DEECAF000D195EF /* Release */,
			);
			defaultConfigurationIsVisible = 0;
			defaultConfigurationName = Release;
		};
		8D0D0E001DEECAF000D195EF /* Build configuration list for PBXNativeTarget "weibo" */ = {
			isa = XCConfigurationList;
			buildConfigurations = (
				8D0D0E011DEECAF000D195EF /* Debug */,
				8D0D0E021DEECAF000D195EF /* Release */,
			);
			defaultConfigurationIsVisible = 0;
		};
		8D0D0E031DEECAF000D195EF /* Build configuration list for PBXNativeTarget "weiboTests" */ = {
			isa = XCConfigurationList;
			buildConfigurations = (
				8D0D0E041DEECAF000D195EF /* Debug */,
				8D0D0E051DEECAF000D195EF /* Release */,
			);
			defaultConfigurationIsVisible = 0;
		};
		8D0D0E061DEECAF000D195EF /* Build configuration list for PBXNativeTarget "weiboUITests" */ = {
			isa = XCConfigurationList;
			buildConfigurations = (
				8D0D0E071DEECAF000D195EF /* Debug */,
				8D0D0E081DEECAF000D195EF /* Release */,
			);
			defaultConfigurationIsVisible = 0;
		};
/* End XCConfigurationList section */
	};
	rootObject = 8D0D0DCB1DEECAF000D195EF /* Project object */;
}
